
Microsoft Visual Studio Solution File, Format Version 12.00
# Visual Studio for Mac
Project("{FAE04EC0-301F-11D3-BF4B-00C04F79EFBC}") = "Assembly-CSharp", "Assembly-CSharp.csproj", "{1ABE5FAC-5853-BB41-7BA5-E846EBC7E839}"
EndProject
Project("{FAE04EC0-301F-11D3-BF4B-00C04F79EFBC}") = "Assembly-CSharp-Editor", "Assembly-CSharp-Editor.csproj", "{DDBC5BA3-7BD2-3E12-E1C4-546DB1E2CC08}"
EndProject
Global
	GlobalSection(SolutionConfigurationPlatforms) = preSolution
		Debug|Any CPU = Debug|Any CPU
		Release|Any CPU = Release|Any CPU
	EndGlobalSection
	GlobalSection(ProjectConfigurationPlatforms) = postSolution
		{1ABE5FAC-5853-BB41-7BA5-E846EBC7E839}.Debug|Any CPU.ActiveCfg = Debug|Any CPU
		{1ABE5FAC-5853-BB41-7BA5-E846EBC7E839}.Debug|Any CPU.Build.0 = Debug|Any CPU
		{1ABE5FAC-5853-BB41-7BA5-E846EBC7E839}.Release|Any CPU.ActiveCfg = Release|Any CPU
		{1ABE5FAC-5853-BB41-7BA5-E846EBC7E839}.Release|Any CPU.Build.0 = Release|Any CPU
		{DDBC5BA3-7BD2-3E12-E1C4-546DB1E2CC08}.Debug|Any CPU.ActiveCfg = Debug|Any CPU
		{DDBC5BA3-7BD2-3E12-E1C4-546DB1E2CC08}.Debug|Any CPU.Build.0 = Debug|Any CPU
		{DDBC5BA3-7BD2-3E12-E1C4-546DB1E2CC08}.Release|Any CPU.ActiveCfg = Release|Any CPU
		{DDBC5BA3-7BD2-3E12-E1C4-546DB1E2CC08}.Release|Any CPU.Build.0 = Release|Any CPU
	EndGlobalSection
	GlobalSection(SolutionProperties) = preSolution
		HideSolutionNode = FALSE
	EndGlobalSection
EndGlobal
